// !$*UTF8*$!
{
	archiveVersion = 1;
	classes = {
	};
	objectVersion = 48;
	objects = {

/* Begin PBXBuildFile section */
		78E26FF3C1B0F4E7377BEC5C /* libPods-NAVI.a in Frameworks */ = {isa = PBXBuildFile; fileRef = 60258795B14B3F83C2338532 /* libPods-NAVI.a */; };
		9F11F650215F65E50022978A /* YSNavigationController.m in Sources */ = {isa = PBXBuildFile; fileRef = 9F11F64F215F65E50022978A /* YSNavigationController.m */; };
		9F11F653215F66530022978A /* SecondVC.m in Sources */ = {isa = PBXBuildFile; fileRef = 9F11F652215F66530022978A /* SecondVC.m */; };
		9FF0AA992150E5A2000C423D /* AppDelegate.m in Sources */ = {isa = PBXBuildFile; fileRef = 9FF0AA982150E5A2000C423D /* AppDelegate.m */; };
		9FF0AA9C2150E5A2000C423D /* ViewController.m in Sources */ = {isa = PBXBuildFile; fileRef = 9FF0AA9B2150E5A2000C423D /* ViewController.m */; };
		9FF0AA9F2150E5A2000C423D /* Main.storyboard in Resources */ = {isa = PBXBuildFile; fileRef = 9FF0AA9D2150E5A2000C423D /* Main.storyboard */; };
		9FF0AAA12150E5A2000C423D /* Assets.xcassets in Resources */ = {isa = PBXBuildFile; fileRef = 9FF0AAA02150E5A2000C423D /* Assets.xcassets */; };
		9FF0AAA42150E5A2000C423D /* LaunchScreen.storyboard in Resources */ = {isa = PBXBuildFile; fileRef = 9FF0AAA22150E5A2000C423D /* LaunchScreen.storyboard */; };
		9FF0AAA72150E5A2000C423D /* main.m in Sources */ = {isa = PBXBuildFile; fileRef = 9FF0AAA62150E5A2000C423D /* main.m */; };
/* End PBXBuildFile section */

/* Begin PBXFileReference section */
		2F5DEC4B258F53752380023D /* Pods-NAVI.release.xcconfig */ = {isa = PBXFileReference; includeInIndex = 1; lastKnownFileType = text.xcconfig; name = "Pods-NAVI.release.xcconfig"; path = "Pods/Target Support Files/Pods-NAVI/Pods-NAVI.release.xcconfig"; sourceTree = "<group>"; };
		60258795B14B3F83C2338532 /* libPods-NAVI.a */ = {isa = PBXFileReference; explicitFileType = archive.ar; includeInIndex = 0; path = "libPods-NAVI.a"; sourceTree = BUILT_PRODUCTS_DIR; };
		9F11F64E215F65E50022978A /* YSNavigationController.h */ = {isa = PBXFileReference; lastKnownFileType = sourcecode.c.h; path = YSNavigationController.h; sourceTree = "<group>"; };
		9F11F64F215F65E50022978A /* YSNavigationController.m */ = {isa = PBXFileReference; lastKnownFileType = sourcecode.c.objc; path = YSNavigationController.m; sourceTree = "<group>"; };
		9F11F651215F66530022978A /* SecondVC.h */ = {isa = PBXFileReference; lastKnownFileType = sourcecode.c.h; path = SecondVC.h; sourceTree = "<group>"; };
		9F11F652215F66530022978A /* SecondVC.m */ = {isa = PBXFileReference; lastKnownFileType = sourcecode.c.objc; path = SecondVC.m; sourceTree = "<group>"; };
		9FF0AA942150E5A2000C423D /* NAVI.app */ = {isa = PBXFileReference; explicitFileType = wrapper.application; includeInIndex = 0; path = NAVI.app; sourceTree = BUILT_PRODUCTS_DIR; };
		9FF0AA972150E5A2000C423D /* AppDelegate.h */ = {isa = PBXFileReference; lastKnownFileType = sourcecode.c.h; path = AppDelegate.h; sourceTree = "<group>"; };
		9FF0AA982150E5A2000C423D /* AppDelegate.m */ = {isa = PBXFileReference; lastKnownFileType = sourcecode.c.objc; path = AppDelegate.m; sourceTree = "<group>"; };
		9FF0AA9A2150E5A2000C423D /* ViewController.h */ = {isa = PBXFileReference; lastKnownFileType = sourcecode.c.h; path = ViewController.h; sourceTree = "<group>"; };
		9FF0AA9B2150E5A2000C423D /* ViewController.m */ = {isa = PBXFileReference; lastKnownFileType = sourcecode.c.objc; path = ViewController.m; sourceTree = "<group>"; };
		9FF0AA9E2150E5A2000C423D /* Base */ = {isa = PBXFileReference; lastKnownFileType = file.storyboard; name = Base; path = Base.lproj/Main.storyboard; sourceTree = "<group>"; };
		9FF0AAA02150E5A2000C423D /* Assets.xcassets */ = {isa = PBXFileReference; lastKnownFileType = folder.assetcatalog; path = Assets.xcassets; sourceTree = "<group>"; };
		9FF0AAA32150E5A2000C423D /* Base */ = {isa = PBXFileReference; lastKnownFileType = file.storyboard; name = Base; path = Base.lproj/LaunchScreen.storyboard; sourceTree = "<group>"; };
		9FF0AAA52150E5A2000C423D /* Info.plist */ = {isa = PBXFileReference; lastKnownFileType = text.plist.xml; path = Info.plist; sourceTree = "<group>"; };
		9FF0AAA62150E5A2000C423D /* main.m */ = {isa = PBXFileReference; lastKnownFileType = sourcecode.c.objc; path = main.m; sourceTree = "<group>"; };
		A9AA21E58EF5B6CAB84DE172 /* Pods-NAVI.debug.xcconfig */ = {isa = PBXFileReference; includeInIndex = 1; lastKnownFileType = text.xcconfig; name = "Pods-NAVI.debug.xcconfig"; path = "Pods/Target Support Files/Pods-NAVI/Pods-NAVI.debug.xcconfig"; sourceTree = "<group>"; };
/* End PBXFileReference section */

/* Begin PBXFrameworksBuildPhase section */
		9FF0AA912150E5A2000C423D /* Frameworks */ = {
			isa = PBXFrameworksBuildPhase;
			buildActionMask = 2147483647;
			files = (
				78E26FF3C1B0F4E7377BEC5C /* libPods-NAVI.a in Frameworks */,
			);
			runOnlyForDeploymentPostprocessing = 0;
		};
/* End PBXFrameworksBuildPhase section */

/* Begin PBXGroup section */
		02D6703950BE49A36259D55A /* Pods */ = {
			isa = PBXGroup;
			children = (
				A9AA21E58EF5B6CAB84DE172 /* Pods-NAVI.debug.xcconfig */,
				2F5DEC4B258F53752380023D /* Pods-NAVI.release.xcconfig */,
			);
			name = Pods;
			sourceTree = "<group>";
		};
		9FF0AA8B2150E5A2000C423D = {
			isa = PBXGroup;
			children = (
				9FF0AA962150E5A2000C423D /* NAVI */,
				9FF0AA952150E5A2000C423D /* Products */,
				02D6703950BE49A36259D55A /* Pods */,
				DE3AC5DFC8DB1060B8B7EC6C /* Frameworks */,
			);
			sourceTree = "<group>";
		};
		9FF0AA952150E5A2000C423D /* Products */ = {
			isa = PBXGroup;
			children = (
				9FF0AA942150E5A2000C423D /* NAVI.app */,
			);
			name = Products;
			sourceTree = "<group>";
		};
		9FF0AA962150E5A2000C423D /* NAVI */ = {
			isa = PBXGroup;
			children = (
				9FF0AA972150E5A2000C423D /* AppDelegate.h */,
				9FF0AA982150E5A2000C423D /* AppDelegate.m */,
				9FF0AA9A2150E5A2000C423D /* ViewController.h */,
				9FF0AA9B2150E5A2000C423D /* ViewController.m */,
				9F11F651215F66530022978A /* SecondVC.h */,
				9F11F652215F66530022978A /* SecondVC.m */,
				9F11F64E215F65E50022978A /* YSNavigationController.h */,
				9F11F64F215F65E50022978A /* YSNavigationController.m */,
				9FF0AA9D2150E5A2000C423D /* Main.storyboard */,
				9FF0AAA02150E5A2000C423D /* Assets.xcassets */,
				9FF0AAA22150E5A2000C423D /* LaunchScreen.storyboard */,
				9FF0AAA52150E5A2000C423D /* Info.plist */,
				9FF0AAA62150E5A2000C423D /* main.m */,
			);
			path = NAVI;
			sourceTree = "<group>";
		};
		DE3AC5DFC8DB1060B8B7EC6C /* Frameworks */ = {
			isa = PBXGroup;
			children = (
				60258795B14B3F83C2338532 /* libPods-NAVI.a */,
			);
			name = Frameworks;
			sourceTree = "<group>";
		};
/* End PBXGroup section */

/* Begin PBXNativeTarget section */
		9FF0AA932150E5A2000C423D /* NAVI */ = {
			isa = PBXNativeTarget;
			buildConfigurationList = 9FF0AAAA2150E5A2000C423D /* Build configuration list for PBXNativeTarget "NAVI" */;
			buildPhases = (
				3E55CBDAE7D78CD5E587DBCB /* [CP] Check Pods Manifest.lock */,
				9FF0AA902150E5A2000C423D /* Sources */,
				9FF0AA912150E5A2000C423D /* Frameworks */,
				9FF0AA922150E5A2000C423D /* Resources */,
				A2D30899B33A9B266C6AE983 /* [CP] Embed Pods Frameworks */,
				B664358AD5261F21786C7D00 /* [CP] Copy Pods Resources */,
			);
			buildRules = (
			);
			dependencies = (
			);
			name = NAVI;
			productName = NAVI;
			productReference = 9FF0AA942150E5A2000C423D /* NAVI.app */;
			productType = "com.apple.product-type.application";
		};
/* End PBXNativeTarget section */

/* Begin PBXProject section */
		9FF0AA8C2150E5A2000C423D /* Project object */ = {
			isa = PBXProject;
			attributes = {
				LastUpgradeCheck = 0920;
				ORGANIZATIONNAME = Peyton;
				TargetAttributes = {
					9FF0AA932150E5A2000C423D = {
						CreatedOnToolsVersion = 9.2;
						ProvisioningStyle = Automatic;
					};
				};
			};
			buildConfigurationList = 9FF0AA8F2150E5A2000C423D /* Build configuration list for PBXProject "NAVI" */;
			compatibilityVersion = "Xcode 8.0";
			developmentRegion = en;
			hasScannedForEncodings = 0;
			knownRegions = (
				en,
				Base,
			);
			mainGroup = 9FF0AA8B2150E5A2000C423D;
			productRefGroup = 9FF0AA952150E5A2000C423D /* Products */;
			projectDirPath = "";
			projectRoot = "";
			targets = (
				9FF0AA932150E5A2000C423D /* NAVI */,
			);
		};
/* End PBXProject section */

/* Begin PBXResourcesBuildPhase section */
		9FF0AA922150E5A2000C423D /* Resources */ = {
			isa = PBXResourcesBuildPhase;
			buildActionMask = 2147483647;
			files = (
				9FF0AAA42150E5A2000C423D /* LaunchScreen.storyboard in Resources */,
				9FF0AAA12150E5A2000C423D /* Assets.xcassets in Resources */,
				9FF0AA9F2150E5A2000C423D /* Main.storyboard in Resources */,
			);
			runOnlyForDeploymentPostprocessing = 0;
		};
/* End PBXResourcesBuildPhase section */

/* Begin PBXShellScriptBuildPhase section */
		3E55CBDAE7D78CD5E587DBCB /* [CP] Check Pods Manifest.lock */ = {
			isa = PBXShellScriptBuildPhase;
			buildActionMask = 2147483647;
			files = (
			);
			inputPaths = (
				"${PODS_PODFILE_DIR_PATH}/Podfile.lock",
				"${PODS_ROOT}/Manifest.lock",
			);
			name = "[CP] Check Pods Manifest.lock";
			outputPaths = (
				"$(DERIVED_FILE_DIR)/Pods-NAVI-checkManifestLockResult.txt",
			);
			runOnlyForDeploymentPostprocessing = 0;
			shellPath = /bin/sh;
			shellScript = "diff \"${PODS_PODFILE_DIR_PATH}/Podfile.lock\" \"${PODS_ROOT}/Manifest.lock\" > /dev/null\nif [ $? != 0 ] ; then\n    # print error to STDERR\n    echo \"error: The sandbox is not in sync with the Podfile.lock. Run 'pod install' or update your CocoaPods installation.\" >&2\n    exit 1\nfi\n# This output is used by Xcode 'outputs' to avoid re-running this script phase.\necho \"SUCCESS\" > \"${SCRIPT_OUTPUT_FILE_0}\"\n";
			showEnvVarsInLog = 0;
		};
		A2D30899B33A9B266C6AE983 /* [CP] Embed Pods Frameworks */ = {
			isa = PBXShellScriptBuildPhase;
			buildActionMask = 2147483647;
			files = (
			);
			inputPaths = (
			);
			name = "[CP] Embed Pods Frameworks";
			outputPaths = (
			);
			runOnlyForDeploymentPostprocessing = 0;
			shellPath = /bin/sh;
			shellScript = "\"${SRCROOT}/Pods/Target Support Files/Pods-NAVI/Pods-NAVI-frameworks.sh\"\n";
			showEnvVarsInLog = 0;
		};
		B664358AD5261F21786C7D00 /* [CP] Copy Pods Resources */ = {
			isa = PBXShellScriptBuildPhase;
			buildActionMask = 2147483647;
			files = (
			);
			inputPaths = (
			);
			name = "[CP] Copy Pods Resources";
			outputPaths = (
			);
			runOnlyForDeploymentPostprocessing = 0;
			shellPath = /bin/sh;
			shellScript = "\"${SRCROOT}/Pods/Target Support Files/Pods-NAVI/Pods-NAVI-resources.sh\"\n";
			showEnvVarsInLog = 0;
		};
/* End PBXShellScriptBuildPhase section */

/* Begin PBXSourcesBuildPhase section */
		9FF0AA902150E5A2000C423D /* Sources */ = {
			isa = PBXSourcesBuildPhase;
			buildActionMask = 2147483647;
			files = (
				9FF0AA9C2150E5A2000C423D /* ViewController.m in Sources */,
				9FF0AAA72150E5A2000C423D /* main.m in Sources */,
				9FF0AA992150E5A2000C423D /* AppDelegate.m in Sources */,
				9F11F653215F66530022978A /* SecondVC.m in Sources */,
				9F11F650215F65E50022978A /* YSNavigationController.m in Sources */,
			);
			runOnlyForDeploymentPostprocessing = 0;
		};
/* End PBXSourcesBuildPhase section */

/* Begin PBXVariantGroup section */
		9FF0AA9D2150E5A2000C423D /* Main.storyboard */ = {
			isa = PBXVariantGroup;
			children = (
				9FF0AA9E2150E5A2000C423D /* Base */,
			);
			name = Main.storyboard;
			sourceTree = "<group>";
		};
		9FF0AAA22150E5A2000C423D /* LaunchScreen.storyboard */ = {
			isa = PBXVariantGroup;
			children = (
				9FF0AAA32150E5A2000C423D /* Base */,
			);
			name = LaunchScreen.storyboard;
			sourceTree = "<group>";
		};
/* End PBXVariantGroup section */

/* Begin XCBuildConfiguration section */
		9FF0AAA82150E5A2000C423D /* Debug */ = {
			isa = XCBuildConfiguration;
			buildSettings = {
				ALWAYS_SEARCH_USER_PATHS = NO;
				CLANG_ANALYZER_NONNULL = YES;
				CLANG_ANALYZER_NUMBER_OBJECT_CONVERSION = YES_AGGRESSIVE;
				CLANG_CXX_LANGUAGE_STANDARD = "gnu++14";
				CLANG_CXX_LIBRARY = "libc++";
				CLANG_ENABLE_MODULES = YES;
				CLANG_ENABLE_OBJC_ARC = YES;
				CLANG_WARN_BLOCK_CAPTURE_AUTORELEASING = YES;
				CLANG_WARN_BOOL_CONVERSION = YES;
				CLANG_WARN_COMMA = YES;
				CLANG_WARN_CONSTANT_CONVERSION = YES;
				CLANG_WARN_DIRECT_OBJC_ISA_USAGE = YES_ERROR;
				CLANG_WARN_DOCUMENTATION_COMMENTS = YES;
				CLANG_WARN_EMPTY_BODY = YES;
				CLANG_WARN_ENUM_CONVERSION = YES;
				CLANG_WARN_INFINITE_RECURSION = YES;
				CLANG_WARN_INT_CONVERSION = YES;
				CLANG_WARN_NON_LITERAL_NULL_CONVERSION = YES;
				CLANG_WARN_OBJC_LITERAL_CONVERSION = YES;
				CLANG_WARN_OBJC_ROOT_CLASS = YES_ERROR;
				CLANG_WARN_RANGE_LOOP_ANALYSIS = YES;
				CLANG_WARN_STRICT_PROTOTYPES = YES;
				CLANG_WARN_SUSPICIOUS_MOVE = YES;
				CLANG_WARN_UNGUARDED_AVAILABILITY = YES_AGGRESSIVE;
				CLANG_WARN_UNREACHABLE_CODE = YES;
				CLANG_WARN__DUPLICATE_METHOD_MATCH = YES;
				CODE_SIGN_IDENTITY = "iPhone Developer";
				COPY_PHASE_STRIP = NO;
				DEBUG_INFORMATION_FORMAT = dwarf;
				ENABLE_STRICT_OBJC_MSGSEND = YES;
				ENABLE_TESTABILITY = YES;
				GCC_C_LANGUAGE_STANDARD = gnu11;
				GCC_DYNAMIC_NO_PIC = NO;
				GCC_NO_COMMON_BLOCKS = YES;
				GCC_OPTIMIZATION_LEVEL = 0;
				GCC_PREPROCESSOR_DEFINITIONS = (
					"DEBUG=1",
					"$(inherited)",
				);
				GCC_WARN_64_TO_32_BIT_CONVERSION = YES;
				GCC_WARN_ABOUT_RETURN_TYPE = YES_ERROR;
				GCC_WARN_UNDECLARED_SELECTOR = YES;
				GCC_WARN_UNINITIALIZED_AUTOS = YES_AGGRESSIVE;
				GCC_WARN_UNUSED_FUNCTION = YES;
				GCC_WARN_UNUSED_VARIABLE = YES;
				IPHONEOS_DEPLOYMENT_TARGET = 11.2;
				MTL_ENABLE_DEBUG_INFO = YES;
				ONLY_ACTIVE_ARCH = YES;
				SDKROOT = iphoneos;
			};
			name = Debug;
		};
		9FF0AAA92150E5A2000C423D /* Release */ = {
			isa = XCBuildConfiguration;
			buildSettings = {
				ALWAYS_SEARCH_USER_PATHS = NO;
				CLANG_ANALYZER_NONNULL = YES;
				CLANG_ANALYZER_NUMBER_OBJECT_CONVERSION = YES_AGGRESSIVE;
				CLANG_CXX_LANGUAGE_STANDARD = "gnu++14";
				CLANG_CXX_LIBRARY = "libc++";
				CLANG_ENABLE_MODULES = YES;
				CLANG_ENABLE_OBJC_ARC = YES;
				CLANG_WARN_BLOCK_CAPTURE_AUTORELEASING = YES;
				CLANG_WARN_BOOL_CONVERSION = YES;
				CLANG_WARN_COMMA = YES;
				CLANG_WARN_CONSTANT_CONVERSION = YES;
				CLANG_WARN_DIRECT_OBJC_ISA_USAGE = YES_ERROR;
				CLANG_WARN_DOCUMENTATION_COMMENTS = YES;
				CLANG_WARN_EMPTY_BODY = YES;
				CLANG_WARN_ENUM_CONVERSION = YES;
				CLANG_WARN_INFINITE_RECURSION = YES;
				CLANG_WARN_INT_CONVERSION = YES;
				CLANG_WARN_NON_LITERAL_NULL_CONVERSION = YES;
				CLANG_WARN_OBJC_LITERAL_CONVERSION = YES;
				CLANG_WARN_OBJC_ROOT_CLASS = YES_ERROR;
				CLANG_WARN_RANGE_LOOP_ANALYSIS = YES;
				CLANG_WARN_STRICT_PROTOTYPES = YES;
				CLANG_WARN_SUSPICIOUS_MOVE = YES;
				CLANG_WARN_UNGUARDED_AVAILABILITY = YES_AGGRESSIVE;
				CLANG_WARN_UNREACHABLE_CODE = YES;
				CLANG_WARN__DUPLICATE_METHOD_MATCH = YES;
				CODE_SIGN_IDENTITY = "iPhone Developer";
				COPY_PHASE_STRIP = NO;
				DEBUG_INFORMATION_FORMAT = "dwarf-with-dsym";
				ENABLE_NS_ASSERTIONS = NO;
				ENABLE_STRICT_OBJC_MSGSEND = YES;
				GCC_C_LANGUAGE_STANDARD = gnu11;
				GCC_NO_COMMON_BLOCKS = YES;
				GCC_WARN_64_TO_32_BIT_CONVERSION = YES;
				GCC_WARN_ABOUT_RETURN_TYPE = YES_ERROR;
				GCC_WARN_UNDECLARED_SELECTOR = YES;
				GCC_WARN_UNINITIALIZED_AUTOS = YES_AGGRESSIVE;
				GCC_WARN_UNUSED_FUNCTION = YES;
				GCC_WARN_UNUSED_VARIABLE = YES;
				IPHONEOS_DEPLOYMENT_TARGET = 11.2;
				MTL_ENABLE_DEBUG_INFO = NO;
				SDKROOT = iphoneos;
				VALIDATE_PRODUCT = YES;
			};
			name = Release;
		};
		9FF0AAAB2150E5A2000C423D /* Debug */ = {
			isa = XCBuildConfiguration;
			baseConfigurationReference = A9AA21E58EF5B6CAB84DE172 /* Pods-NAVI.debug.xcconfig */;
			buildSettings = {
				ASSETCATALOG_COMPILER_APPICON_NAME = AppIcon;
				CODE_SIGN_STYLE = Automatic;
				DEVELOPMENT_TEAM = 47A3N54MRY;
				INFOPLIST_FILE = NAVI/Info.plist;
				IPHONEOS_DEPLOYMENT_TARGET = 9.0;
				LD_RUNPATH_SEARCH_PATHS = "$(inherited) @executable_path/Frameworks";
				PRODUCT_BUNDLE_IDENTIFIER = com.Peyton.NAVI;
				PRODUCT_NAME = "$(TARGET_NAME)";
				TARGETED_DEVICE_FAMILY = "1,2";
			};
			name = Debug;
		};
		9FF0AAAC2150E5A2000C423D /* Release */ = {
			isa = XCBuildConfiguration;
			baseConfigurationReference = 2F5DEC4B258F53752380023D /* Pods-NAVI.release.xcconfig */;
			buildSettings = {
				ASSETCATALOG_COMPILER_APPICON_NAME = AppIcon;
				CODE_SIGN_STYLE = Automatic;
				DEVELOPMENT_TEAM = 47A3N54MRY;
				INFOPLIST_FILE = NAVI/Info.plist;
				IPHONEOS_DEPLOYMENT_TARGET = 9.0;
				LD_RUNPATH_SEARCH_PATHS = "$(inherited) @executable_path/Frameworks";
				PRODUCT_BUNDLE_IDENTIFIER = com.Peyton.NAVI;
				PRODUCT_NAME = "$(TARGET_NAME)";
				TARGETED_DEVICE_FAMILY = "1,2";
			};
			name = Release;
		};
/* End XCBuildConfiguration section */

/* Begin XCConfigurationList section */
		9FF0AA8F2150E5A2000C423D /* Build configuration list for PBXProject "NAVI" */ = {
			isa = XCConfigurationList;
			buildConfigurations = (
				9FF0AAA82150E5A2000C423D /* Debug */,
				9FF0AAA92150E5A2000C423D /* Release */,
			);
			defaultConfigurationIsVisible = 0;
			defaultConfigurationName = Release;
		};
		9FF0AAAA2150E5A2000C423D /* Build configuration list for PBXNativeTarget "NAVI" */ = {
			isa = XCConfigurationList;
			buildConfigurations = (
				9FF0AAAB2150E5A2000C423D /* Debug */,
				9FF0AAAC2150E5A2000C423D /* Release */,
			);
			defaultConfigurationIsVisible = 0;
			defaultConfigurationName = Release;
		};
/* End XCConfigurationList section */
	};
	rootObject = 9FF0AA8C2150E5A2000C423D /* Project object */;
}
